
Microsoft Visual Studio Solution File, Format Version 12.00
Project("{FAE04EC0-301F-11D3-BF4B-00C04F79EFBC}") = "Car-Rental", "Car-Rental\Car-Rental.csproj", "{CE0DFC24-2D68-460B-B756-F635B1BF3549}"
EndProject
Global
	GlobalSection(SolutionConfigurationPlatforms) = preSolution
		Debug|Any CPU = Debug|Any CPU
		Release|Any CPU = Release|Any CPU
	EndGlobalSection
	GlobalSection(ProjectConfigurationPlatforms) = postSolution
		{CE0DFC24-2D68-460B-B756-F635B1BF3549}.Debug|Any CPU.ActiveCfg = Debug|Any CPU
		{CE0DFC24-2D68-460B-B756-F635B1BF3549}.Debug|Any CPU.Build.0 = Debug|Any CPU
		{CE0DFC24-2D68-460B-B756-F635B1BF3549}.Release|Any CPU.ActiveCfg = Release|Any CPU
		{CE0DFC24-2D68-460B-B756-F635B1BF3549}.Release|Any CPU.Build.0 = Release|Any CPU
	EndGlobalSection
EndGlobal
